
Microsoft Visual Studio Solution File, Format Version 12.00
# Visual Studio 15
VisualStudioVersion = 15.0.28010.2041
MinimumVisualStudioVersion = 10.0.40219.1
Project("{8BC9CEB8-8B4A-11D0-8D11-00A0C91BC942}") = "COM326 W1 C2", "COM326 W1 C2\COM326 W1 C2.vcxproj", "{0C9DB2A0-583E-484B-95FD-B68BC261668B}"
EndProject
Global
	GlobalSection(SolutionConfigurationPlatforms) = preSolution
		Debug|x64 = Debug|x64
		Debug|x86 = Debug|x86
		Release|x64 = Release|x64
		Release|x86 = Release|x86
	EndGlobalSection
	GlobalSection(ProjectConfigurationPlatforms) = postSolution
		{0C9DB2A0-583E-484B-95FD-B68BC261668B}.Debug|x64.ActiveCfg = Debug|x64
		{0C9DB2A0-583E-484B-95FD-B68BC261668B}.Debug|x64.Build.0 = Debug|x64
		{0C9DB2A0-583E-484B-95FD-B68BC261668B}.Debug|x86.ActiveCfg = Debug|Win32
		{0C9DB2A0-583E-484B-95FD-B68BC261668B}.Debug|x86.Build.0 = Debug|Win32
		{0C9DB2A0-583E-484B-95FD-B68BC261668B}.Release|x64.ActiveCfg = Release|x64
		{0C9DB2A0-583E-484B-95FD-B68BC261668B}.Release|x64.Build.0 = Release|x64
		{0C9DB2A0-583E-484B-95FD-B68BC261668B}.Release|x86.ActiveCfg = Release|Win32
		{0C9DB2A0-583E-484B-95FD-B68BC261668B}.Release|x86.Build.0 = Release|Win32
	EndGlobalSection
	GlobalSection(SolutionProperties) = preSolution
		HideSolutionNode = FALSE
	EndGlobalSection
	GlobalSection(ExtensibilityGlobals) = postSolution
		SolutionGuid = {5EC495E7-7B90-4A38-BADF-D6D02F6B4935}
	EndGlobalSection
EndGlobal
